
Microsoft Visual Studio Solution File, Format Version 12.00
# Visual Studio Version 17
VisualStudioVersion = 17.11.35312.102
MinimumVisualStudioVersion = 10.0.40219.1
Project("{FAE04EC0-301F-11D3-BF4B-00C04F79EFBC}") = "SeleniumSpecFlowTestAutomationFramework", "SeleniumSpecFlowTestAutomationFramework.csproj", "{8ACAA8DC-EFD8-452D-8E27-3DE1C7671EB2}"
EndProject
Global
	GlobalSection(SolutionConfigurationPlatforms) = preSolution
		Debug|Any CPU = Debug|Any CPU
		Release|Any CPU = Release|Any CPU
	EndGlobalSection
	GlobalSection(ProjectConfigurationPlatforms) = postSolution
		{8ACAA8DC-EFD8-452D-8E27-3DE1C7671EB2}.Debug|Any CPU.ActiveCfg = Debug|Any CPU
		{8ACAA8DC-EFD8-452D-8E27-3DE1C7671EB2}.Debug|Any CPU.Build.0 = Debug|Any CPU
		{8ACAA8DC-EFD8-452D-8E27-3DE1C7671EB2}.Release|Any CPU.ActiveCfg = Release|Any CPU
		{8ACAA8DC-EFD8-452D-8E27-3DE1C7671EB2}.Release|Any CPU.Build.0 = Release|Any CPU
	EndGlobalSection
	GlobalSection(SolutionProperties) = preSolution
		HideSolutionNode = FALSE
	EndGlobalSection
	GlobalSection(ExtensibilityGlobals) = postSolution
		SolutionGuid = {0E3A92B4-5775-41EE-A87C-D7E3545AEBC2}
	EndGlobalSection
EndGlobal
